
Microsoft Visual Studio Solution File, Format Version 12.00
# Visual Studio 14
VisualStudioVersion = 14.0.25123.0
MinimumVisualStudioVersion = 10.0.40219.1
Project("{FAE04EC0-301F-11D3-BF4B-00C04F79EFBC}") = "Cs006_Datoopgave", "Cs006_Datoopgave\Cs006_Datoopgave.csproj", "{823BEECC-DC9C-486F-8834-67370E1E534C}"
EndProject
Global
	GlobalSection(SolutionConfigurationPlatforms) = preSolution
		Debug|Any CPU = Debug|Any CPU
		Release|Any CPU = Release|Any CPU
	EndGlobalSection
	GlobalSection(ProjectConfigurationPlatforms) = postSolution
		{823BEECC-DC9C-486F-8834-67370E1E534C}.Debug|Any CPU.ActiveCfg = Debug|Any CPU
		{823BEECC-DC9C-486F-8834-67370E1E534C}.Debug|Any CPU.Build.0 = Debug|Any CPU
		{823BEECC-DC9C-486F-8834-67370E1E534C}.Release|Any CPU.ActiveCfg = Release|Any CPU
		{823BEECC-DC9C-486F-8834-67370E1E534C}.Release|Any CPU.Build.0 = Release|Any CPU
	EndGlobalSection
	GlobalSection(SolutionProperties) = preSolution
		HideSolutionNode = FALSE
	EndGlobalSection
EndGlobal
